{
    "version": 3,
    "terraform_version": "0.11.3",
    "serial": 34,
    "lineage": "1c3d8a37-9c8b-4488-8375-e7fd8b5b40c4",
    "modules": [
        {
            "path": [
                "root"
            ],
            "outputs": {
                "chef_host": {
                    "sensitive": false,
                    "type": "string",
                    "value": "chef.ops.happypathway.com"
                },
                "chef_password": {
                    "sensitive": false,
                    "type": "string",
                    "value": "#w_I\u003eavB9[O0r8LHmi53K!-_"
                },
                "chef_user": {
                    "sensitive": false,
                    "type": "string",
                    "value": "admin"
                }
            },
            "resources": {
                "aws_key_pair.chef_server": {
                    "type": "aws_key_pair",
                    "depends_on": [],
                    "primary": {
                        "id": "tfmodules",
                        "attributes": {
                            "fingerprint": "84:a5:60:aa:e2:73:b7:3c:18:e8:44:b6:6a:b4:2d:98",
                            "id": "tfmodules",
                            "key_name": "tfmodules",
                            "public_key": "ssh-rsa AAAAB3NzaC1yc2EAAAADAQABAAABAQDxFs2A0OJpE5O5DBqTJmRbyLVuVYu877sWEEDH6ue1Sv/uOojHfBrvXwnnrRV0OzYIDlLw/5Zb/qF3HEgTVj+4++s5UdvpU02anPZtypQ5/tl907KwMRZhj8vYJdAuEUzjTPnHCAbwEecbbMqLHktBs6OREmDydMuCtda2/NPb+IgRQ5Rr8fSbzroW73Z3JWHQ4ZJMeKXz8nU7J7E43clkbZ0V0C0OsRPUi8rONap3r/d3qPW+IJQIWMANnxh+XnophO8hS7pjBnR9U93qQHW8vYAAJd+/n/hSjFhACG8vcxnG5gyuguyXlQYtf592HprnQ6QZZlkhK7JTAB1GhE4l darnold@Daves-Air"
                        },
                        "meta": {
                            "schema_version": "1"
                        },
                        "tainted": false
                    },
                    "deposed": [],
                    "provider": "provider.aws"
                }
            },
            "depends_on": []
        },
        {
            "path": [
                "root",
                "Bastion"
            ],
            "outputs": {},
            "resources": {
                "aws_instance.bastion": {
                    "type": "aws_instance",
                    "depends_on": [
                        "aws_security_group.bastion",
                        "data.aws_ami.ubuntu",
                        "data.aws_subnet.private_subnet"
                    ],
                    "primary": {
                        "id": "i-032ebacc61ee20263",
                        "attributes": {
                            "ami": "ami-43a15f3e",
                            "associate_public_ip_address": "true",
                            "availability_zone": "us-east-1a",
                            "disable_api_termination": "false",
                            "ebs_block_device.#": "0",
                            "ebs_optimized": "false",
                            "ephemeral_block_device.#": "0",
                            "iam_instance_profile": "",
                            "id": "i-032ebacc61ee20263",
                            "instance_state": "running",
                            "instance_type": "m1.large",
                            "ipv6_addresses.#": "0",
                            "key_name": "tfmodules",
                            "monitoring": "false",
                            "network_interface.#": "0",
                            "network_interface_id": "eni-744147bb",
                            "placement_group": "",
                            "primary_network_interface_id": "eni-744147bb",
                            "private_dns": "ip-10-0-1-99.ec2.internal",
                            "private_ip": "10.0.1.99",
                            "public_dns": "",
                            "public_ip": "54.161.77.102",
                            "root_block_device.#": "1",
                            "root_block_device.0.delete_on_termination": "true",
                            "root_block_device.0.iops": "100",
                            "root_block_device.0.volume_id": "vol-0fe02db9706ccb22f",
                            "root_block_device.0.volume_size": "8",
                            "root_block_device.0.volume_type": "gp2",
                            "security_groups.#": "0",
                            "source_dest_check": "true",
                            "subnet_id": "subnet-0e261121",
                            "tags.%": "3",
                            "tags.Name": "BastionHost",
                            "tags.private_subnet": "subnet-b2380f9d",
                            "tags.public_subnet": "subnet-0e261121",
                            "tenancy": "default",
                            "volume_tags.%": "0",
                            "vpc_security_group_ids.#": "1",
                            "vpc_security_group_ids.1973130034": "sg-70bcd706"
                        },
                        "meta": {
                            "e2bfb730-ecaa-11e6-8f88-34363bc7c4c0": {
                                "create": 600000000000,
                                "delete": 1200000000000,
                                "update": 600000000000
                            },
                            "schema_version": "1"
                        },
                        "tainted": false
                    },
                    "deposed": [],
                    "provider": "provider.aws"
                },
                "aws_network_interface.private": {
                    "type": "aws_network_interface",
                    "depends_on": [
                        "aws_instance.bastion",
                        "data.aws_security_group.admin"
                    ],
                    "primary": {
                        "id": "eni-dc4a4c13",
                        "attributes": {
                            "id": "eni-dc4a4c13"
                        },
                        "meta": {},
                        "tainted": false
                    },
                    "deposed": [],
                    "provider": "provider.aws"
                },
                "aws_security_group.bastion": {
                    "type": "aws_security_group",
                    "depends_on": [],
                    "primary": {
                        "id": "sg-70bcd706",
                        "attributes": {
                            "description": "Managed by Terraform",
                            "egress.#": "1",
                            "egress.482069346.cidr_blocks.#": "1",
                            "egress.482069346.cidr_blocks.0": "0.0.0.0/0",
                            "egress.482069346.description": "",
                            "egress.482069346.from_port": "0",
                            "egress.482069346.ipv6_cidr_blocks.#": "0",
                            "egress.482069346.prefix_list_ids.#": "0",
                            "egress.482069346.protocol": "-1",
                            "egress.482069346.security_groups.#": "0",
                            "egress.482069346.self": "false",
                            "egress.482069346.to_port": "0",
                            "id": "sg-70bcd706",
                            "ingress.#": "1",
                            "ingress.2541437006.cidr_blocks.#": "1",
                            "ingress.2541437006.cidr_blocks.0": "0.0.0.0/0",
                            "ingress.2541437006.description": "",
                            "ingress.2541437006.from_port": "22",
                            "ingress.2541437006.ipv6_cidr_blocks.#": "0",
                            "ingress.2541437006.protocol": "tcp",
                            "ingress.2541437006.security_groups.#": "0",
                            "ingress.2541437006.self": "false",
                            "ingress.2541437006.to_port": "22",
                            "name": "bastion",
                            "owner_id": "061371841117",
                            "revoke_rules_on_delete": "false",
                            "tags.%": "2",
                            "tags.private_subnet_id": "subnet-b2380f9d",
                            "tags.public_subnet_id": "subnet-0e261121",
                            "vpc_id": "vpc-27fa7d5c"
                        },
                        "meta": {
                            "e2bfb730-ecaa-11e6-8f88-34363bc7c4c0": {
                                "create": 600000000000,
                                "delete": 600000000000
                            },
                            "schema_version": "1"
                        },
                        "tainted": false
                    },
                    "deposed": [],
                    "provider": "provider.aws"
                },
                "data.aws_ami.ubuntu": {
                    "type": "aws_ami",
                    "depends_on": [],
                    "primary": {
                        "id": "ami-43a15f3e",
                        "attributes": {
                            "architecture": "x86_64",
                            "block_device_mappings.#": "3",
                            "block_device_mappings.1634610537.device_name": "/dev/sdb",
                            "block_device_mappings.1634610537.ebs.%": "0",
                            "block_device_mappings.1634610537.no_device": "",
                            "block_device_mappings.1634610537.virtual_name": "ephemeral0",
                            "block_device_mappings.2547816212.device_name": "/dev/sda1",
                            "block_device_mappings.2547816212.ebs.%": "6",
                            "block_device_mappings.2547816212.ebs.delete_on_termination": "true",
                            "block_device_mappings.2547816212.ebs.encrypted": "false",
                            "block_device_mappings.2547816212.ebs.iops": "0",
                            "block_device_mappings.2547816212.ebs.snapshot_id": "snap-0a83a22928e9afbe9",
                            "block_device_mappings.2547816212.ebs.volume_size": "8",
                            "block_device_mappings.2547816212.ebs.volume_type": "gp2",
                            "block_device_mappings.2547816212.no_device": "",
                            "block_device_mappings.2547816212.virtual_name": "",
                            "block_device_mappings.3850042718.device_name": "/dev/sdc",
                            "block_device_mappings.3850042718.ebs.%": "0",
                            "block_device_mappings.3850042718.no_device": "",
                            "block_device_mappings.3850042718.virtual_name": "ephemeral1",
                            "creation_date": "2018-03-07T08:38:54.000Z",
                            "description": "Canonical, Ubuntu, 16.04 LTS, amd64 xenial image build on 2018-03-06",
                            "filter.#": "2",
                            "filter.1585153008.name": "name",
                            "filter.1585153008.values.#": "1",
                            "filter.1585153008.values.0": "ubuntu/images/hvm-ssd/ubuntu-xenial-16.04-amd64-server-*",
                            "filter.490168357.name": "virtualization-type",
                            "filter.490168357.values.#": "1",
                            "filter.490168357.values.0": "hvm",
                            "hypervisor": "xen",
                            "id": "ami-43a15f3e",
                            "image_id": "ami-43a15f3e",
                            "image_location": "099720109477/ubuntu/images/hvm-ssd/ubuntu-xenial-16.04-amd64-server-20180306",
                            "image_type": "machine",
                            "most_recent": "true",
                            "name": "ubuntu/images/hvm-ssd/ubuntu-xenial-16.04-amd64-server-20180306",
                            "owner_id": "099720109477",
                            "owners.#": "1",
                            "owners.0": "099720109477",
                            "product_codes.#": "0",
                            "public": "true",
                            "root_device_name": "/dev/sda1",
                            "root_device_type": "ebs",
                            "root_snapshot_id": "snap-0a83a22928e9afbe9",
                            "sriov_net_support": "simple",
                            "state": "available",
                            "state_reason.%": "2",
                            "state_reason.code": "UNSET",
                            "state_reason.message": "UNSET",
                            "tags.%": "0",
                            "virtualization_type": "hvm"
                        },
                        "meta": {},
                        "tainted": false
                    },
                    "deposed": [],
                    "provider": "provider.aws"
                },
                "data.aws_security_group.admin": {
                    "type": "aws_security_group",
                    "depends_on": [],
                    "primary": {
                        "id": "sg-f1b4df87",
                        "attributes": {
                            "arn": "arn:aws:ec2:us-east-1:061371841117:security-group/sg-f1b4df87",
                            "description": "Managed by Terraform",
                            "id": "sg-f1b4df87",
                            "name": "subnet-b2380f9d-subnet-admin",
                            "tags.%": "0",
                            "vpc_id": "vpc-27fa7d5c"
                        },
                        "meta": {},
                        "tainted": false
                    },
                    "deposed": [],
                    "provider": "provider.aws"
                },
                "data.aws_subnet.private_subnet": {
                    "type": "aws_subnet",
                    "depends_on": [],
                    "primary": {
                        "id": "subnet-b2380f9d",
                        "attributes": {
                            "assign_ipv6_address_on_creation": "false",
                            "availability_zone": "us-east-1a",
                            "cidr_block": "10.0.2.0/24",
                            "default_for_az": "false",
                            "id": "subnet-b2380f9d",
                            "map_public_ip_on_launch": "false",
                            "state": "available",
                            "tags.%": "1",
                            "tags.Name": "HappyPathway-DevOps-frontend-private",
                            "vpc_id": "vpc-27fa7d5c"
                        },
                        "meta": {},
                        "tainted": false
                    },
                    "deposed": [],
                    "provider": "provider.aws"
                }
            },
            "depends_on": []
        },
        {
            "path": [
                "root",
                "Chef"
            ],
            "outputs": {
                "chef_host": {
                    "sensitive": false,
                    "type": "string",
                    "value": "chef.ops.happypathway.com"
                },
                "chef_password": {
                    "sensitive": false,
                    "type": "string",
                    "value": "#w_I\u003eavB9[O0r8LHmi53K!-_"
                },
                "chef_user": {
                    "sensitive": false,
                    "type": "string",
                    "value": "admin"
                }
            },
            "resources": {
                "aws_instance.chef_server": {
                    "type": "aws_instance",
                    "depends_on": [
                        "aws_security_group.chef_server",
                        "data.aws_ami.ChefServer",
                        "random_string.password"
                    ],
                    "primary": {
                        "id": "i-0e1f25761b188fb9a",
                        "attributes": {
                            "ami": "ami-47804c3a",
                            "associate_public_ip_address": "true",
                            "availability_zone": "us-east-1a",
                            "disable_api_termination": "false",
                            "ebs_block_device.#": "0",
                            "ebs_optimized": "false",
                            "ephemeral_block_device.#": "0",
                            "iam_instance_profile": "",
                            "id": "i-0e1f25761b188fb9a",
                            "instance_state": "running",
                            "instance_type": "m4.large",
                            "ipv6_addresses.#": "0",
                            "key_name": "tfmodules",
                            "monitoring": "false",
                            "network_interface.#": "0",
                            "network_interface_id": "eni-67bdbaa8",
                            "placement_group": "",
                            "primary_network_interface_id": "eni-67bdbaa8",
                            "private_dns": "ip-10-0-1-9.ec2.internal",
                            "private_ip": "10.0.1.9",
                            "public_dns": "",
                            "public_ip": "54.89.221.133",
                            "root_block_device.#": "1",
                            "root_block_device.0.delete_on_termination": "true",
                            "root_block_device.0.iops": "100",
                            "root_block_device.0.volume_id": "vol-02156fa52f252dd62",
                            "root_block_device.0.volume_size": "8",
                            "root_block_device.0.volume_type": "gp2",
                            "security_groups.#": "0",
                            "source_dest_check": "true",
                            "subnet_id": "subnet-0e261121",
                            "tags.%": "3",
                            "tags.Name": "chef",
                            "tags.hostname": "chef.ops.happypathway.com",
                            "tags.role": "chef",
                            "tenancy": "default",
                            "volume_tags.%": "0",
                            "vpc_security_group_ids.#": "1",
                            "vpc_security_group_ids.2870161597": "sg-b6b5dec0"
                        },
                        "meta": {
                            "e2bfb730-ecaa-11e6-8f88-34363bc7c4c0": {
                                "create": 600000000000,
                                "delete": 1200000000000,
                                "update": 600000000000
                            },
                            "schema_version": "1"
                        },
                        "tainted": false
                    },
                    "deposed": [],
                    "provider": "provider.aws"
                },
                "aws_network_interface.private": {
                    "type": "aws_network_interface",
                    "depends_on": [
                        "aws_instance.chef_server",
                        "data.aws_security_group.admin"
                    ],
                    "primary": {
                        "id": "eni-e44d4b2b",
                        "attributes": {
                            "attachment.#": "1",
                            "attachment.2397933929.attachment_id": "eni-attach-a360d66c",
                            "attachment.2397933929.device_index": "1",
                            "attachment.2397933929.instance": "i-0e1f25761b188fb9a",
                            "description": "",
                            "id": "eni-e44d4b2b",
                            "private_dns_name": "",
                            "private_ip": "10.0.2.201",
                            "private_ips.#": "1",
                            "private_ips.29934606": "10.0.2.201",
                            "security_groups.#": "1",
                            "security_groups.317949468": "sg-f1b4df87",
                            "source_dest_check": "true",
                            "subnet_id": "subnet-b2380f9d",
                            "tags.%": "0"
                        },
                        "meta": {},
                        "tainted": false
                    },
                    "deposed": [],
                    "provider": "provider.aws"
                },
                "aws_route53_record.service": {
                    "type": "aws_route53_record",
                    "depends_on": [
                        "aws_instance.chef_server",
                        "data.aws_route53_zone.selected"
                    ],
                    "primary": {
                        "id": "Z14Q4HNSAERQT2_chef.ops.happypathway.com_A",
                        "attributes": {
                            "allow_overwrite": "true",
                            "fqdn": "chef.ops.happypathway.com",
                            "health_check_id": "",
                            "id": "Z14Q4HNSAERQT2_chef.ops.happypathway.com_A",
                            "name": "chef.ops.happypathway.com",
                            "records.#": "1",
                            "records.123577682": "54.89.221.133",
                            "set_identifier": "",
                            "ttl": "300",
                            "type": "A",
                            "zone_id": "Z14Q4HNSAERQT2"
                        },
                        "meta": {
                            "schema_version": "2"
                        },
                        "tainted": false
                    },
                    "deposed": [],
                    "provider": "provider.aws"
                },
                "aws_security_group.chef_server": {
                    "type": "aws_security_group",
                    "depends_on": [],
                    "primary": {
                        "id": "sg-b6b5dec0",
                        "attributes": {
                            "description": "Allow all inbound traffic",
                            "egress.#": "1",
                            "egress.482069346.cidr_blocks.#": "1",
                            "egress.482069346.cidr_blocks.0": "0.0.0.0/0",
                            "egress.482069346.description": "",
                            "egress.482069346.from_port": "0",
                            "egress.482069346.ipv6_cidr_blocks.#": "0",
                            "egress.482069346.prefix_list_ids.#": "0",
                            "egress.482069346.protocol": "-1",
                            "egress.482069346.security_groups.#": "0",
                            "egress.482069346.self": "false",
                            "egress.482069346.to_port": "0",
                            "id": "sg-b6b5dec0",
                            "ingress.#": "3",
                            "ingress.2214680975.cidr_blocks.#": "1",
                            "ingress.2214680975.cidr_blocks.0": "0.0.0.0/0",
                            "ingress.2214680975.description": "",
                            "ingress.2214680975.from_port": "80",
                            "ingress.2214680975.ipv6_cidr_blocks.#": "0",
                            "ingress.2214680975.protocol": "tcp",
                            "ingress.2214680975.security_groups.#": "0",
                            "ingress.2214680975.self": "false",
                            "ingress.2214680975.to_port": "80",
                            "ingress.2541437006.cidr_blocks.#": "1",
                            "ingress.2541437006.cidr_blocks.0": "0.0.0.0/0",
                            "ingress.2541437006.description": "",
                            "ingress.2541437006.from_port": "22",
                            "ingress.2541437006.ipv6_cidr_blocks.#": "0",
                            "ingress.2541437006.protocol": "tcp",
                            "ingress.2541437006.security_groups.#": "0",
                            "ingress.2541437006.self": "false",
                            "ingress.2541437006.to_port": "22",
                            "ingress.2617001939.cidr_blocks.#": "1",
                            "ingress.2617001939.cidr_blocks.0": "0.0.0.0/0",
                            "ingress.2617001939.description": "",
                            "ingress.2617001939.from_port": "443",
                            "ingress.2617001939.ipv6_cidr_blocks.#": "0",
                            "ingress.2617001939.protocol": "tcp",
                            "ingress.2617001939.security_groups.#": "0",
                            "ingress.2617001939.self": "false",
                            "ingress.2617001939.to_port": "443",
                            "name": "chef_server",
                            "owner_id": "061371841117",
                            "revoke_rules_on_delete": "false",
                            "tags.%": "0",
                            "vpc_id": "vpc-27fa7d5c"
                        },
                        "meta": {
                            "e2bfb730-ecaa-11e6-8f88-34363bc7c4c0": {
                                "create": 600000000000,
                                "delete": 600000000000
                            },
                            "schema_version": "1"
                        },
                        "tainted": false
                    },
                    "deposed": [],
                    "provider": "provider.aws"
                },
                "data.aws_ami.ChefServer": {
                    "type": "aws_ami",
                    "depends_on": [],
                    "primary": {
                        "id": "ami-47804c3a",
                        "attributes": {
                            "architecture": "x86_64",
                            "block_device_mappings.#": "3",
                            "block_device_mappings.1634610537.device_name": "/dev/sdb",
                            "block_device_mappings.1634610537.ebs.%": "0",
                            "block_device_mappings.1634610537.no_device": "",
                            "block_device_mappings.1634610537.virtual_name": "ephemeral0",
                            "block_device_mappings.2547816212.device_name": "/dev/sda1",
                            "block_device_mappings.2547816212.ebs.%": "6",
                            "block_device_mappings.2547816212.ebs.delete_on_termination": "true",
                            "block_device_mappings.2547816212.ebs.encrypted": "false",
                            "block_device_mappings.2547816212.ebs.iops": "0",
                            "block_device_mappings.2547816212.ebs.snapshot_id": "snap-06a71cd8deab49d78",
                            "block_device_mappings.2547816212.ebs.volume_size": "8",
                            "block_device_mappings.2547816212.ebs.volume_type": "gp2",
                            "block_device_mappings.2547816212.no_device": "",
                            "block_device_mappings.2547816212.virtual_name": "",
                            "block_device_mappings.3850042718.device_name": "/dev/sdc",
                            "block_device_mappings.3850042718.ebs.%": "0",
                            "block_device_mappings.3850042718.no_device": "",
                            "block_device_mappings.3850042718.virtual_name": "ephemeral1",
                            "creation_date": "2018-03-15T21:56:54.000Z",
                            "filter.#": "1",
                            "filter.1579832409.name": "tag:role",
                            "filter.1579832409.values.#": "1",
                            "filter.1579832409.values.0": "ChefServer",
                            "hypervisor": "xen",
                            "id": "ami-47804c3a",
                            "image_id": "ami-47804c3a",
                            "image_location": "061371841117/ChefServer",
                            "image_type": "machine",
                            "most_recent": "true",
                            "name": "ChefServer",
                            "owner_id": "061371841117",
                            "owners.#": "1",
                            "owners.0": "061371841117",
                            "product_codes.#": "0",
                            "public": "true",
                            "root_device_name": "/dev/sda1",
                            "root_device_type": "ebs",
                            "root_snapshot_id": "snap-06a71cd8deab49d78",
                            "sriov_net_support": "simple",
                            "state": "available",
                            "state_reason.%": "2",
                            "state_reason.code": "UNSET",
                            "state_reason.message": "UNSET",
                            "tags.%": "2",
                            "tags.Name": "ChefServer",
                            "tags.role": "ChefServer",
                            "virtualization_type": "hvm"
                        },
                        "meta": {},
                        "tainted": false
                    },
                    "deposed": [],
                    "provider": "provider.aws"
                },
                "data.aws_route53_zone.selected": {
                    "type": "aws_route53_zone",
                    "depends_on": [],
                    "primary": {
                        "id": "Z14Q4HNSAERQT2",
                        "attributes": {
                            "caller_reference": "8DD7EFB5-B244-C2C4-9667-9E3AD3715A92",
                            "comment": "",
                            "id": "Z14Q4HNSAERQT2",
                            "name": "ops.happypathway.com.",
                            "private_zone": "false",
                            "resource_record_set_count": "3",
                            "zone_id": "Z14Q4HNSAERQT2"
                        },
                        "meta": {},
                        "tainted": false
                    },
                    "deposed": [],
                    "provider": "provider.aws"
                },
                "data.aws_security_group.admin": {
                    "type": "aws_security_group",
                    "depends_on": [],
                    "primary": {
                        "id": "sg-f1b4df87",
                        "attributes": {
                            "arn": "arn:aws:ec2:us-east-1:061371841117:security-group/sg-f1b4df87",
                            "description": "Managed by Terraform",
                            "id": "sg-f1b4df87",
                            "name": "subnet-b2380f9d-subnet-admin",
                            "tags.%": "0",
                            "vpc_id": "vpc-27fa7d5c"
                        },
                        "meta": {},
                        "tainted": false
                    },
                    "deposed": [],
                    "provider": "provider.aws"
                },
                "random_string.password": {
                    "type": "random_string",
                    "depends_on": [],
                    "primary": {
                        "id": "#w_I\u003eavB9[O0r8LHmi53K!-_",
                        "attributes": {
                            "id": "#w_I\u003eavB9[O0r8LHmi53K!-_",
                            "length": "24",
                            "lower": "true",
                            "number": "true",
                            "result": "#w_I\u003eavB9[O0r8LHmi53K!-_",
                            "special": "true",
                            "upper": "true"
                        },
                        "meta": {},
                        "tainted": false
                    },
                    "deposed": [],
                    "provider": "provider.random"
                }
            },
            "depends_on": []
        },
        {
            "path": [
                "root",
                "private_subnet"
            ],
            "outputs": {
                "subnet_cidr": {
                    "sensitive": false,
                    "type": "string",
                    "value": "10.0.2.0/24"
                },
                "subnet_id": {
                    "sensitive": false,
                    "type": "string",
                    "value": "subnet-b2380f9d"
                }
            },
            "resources": {
                "aws_eip.nat_eip": {
                    "type": "aws_eip",
                    "depends_on": [],
                    "primary": {
                        "id": "eipalloc-4dbb0e44",
                        "attributes": {
                            "association_id": "eipassoc-a08f8419",
                            "domain": "vpc",
                            "id": "eipalloc-4dbb0e44",
                            "instance": "",
                            "network_interface": "eni-97babd58",
                            "private_ip": "10.0.1.166",
                            "public_ip": "35.174.121.163",
                            "tags.%": "0",
                            "vpc": "true"
                        },
                        "meta": {},
                        "tainted": false
                    },
                    "deposed": [],
                    "provider": "provider.aws"
                },
                "aws_nat_gateway.nat_gw": {
                    "type": "aws_nat_gateway",
                    "depends_on": [
                        "aws_eip.nat_eip"
                    ],
                    "primary": {
                        "id": "nat-04977dd89c3defa2c",
                        "attributes": {
                            "allocation_id": "eipalloc-4dbb0e44",
                            "id": "nat-04977dd89c3defa2c",
                            "network_interface_id": "eni-97babd58",
                            "private_ip": "10.0.1.166",
                            "public_ip": "35.174.121.163",
                            "subnet_id": "subnet-0e261121",
                            "tags.%": "0"
                        },
                        "meta": {},
                        "tainted": false
                    },
                    "deposed": [],
                    "provider": "provider.aws"
                },
                "aws_route.private_nat_gateway_route": {
                    "type": "aws_route",
                    "depends_on": [
                        "aws_nat_gateway.nat_gw",
                        "aws_route_table.private"
                    ],
                    "primary": {
                        "id": "r-rtb-833781ff1080289494",
                        "attributes": {
                            "destination_cidr_block": "0.0.0.0/0",
                            "destination_prefix_list_id": "",
                            "egress_only_gateway_id": "",
                            "gateway_id": "",
                            "id": "r-rtb-833781ff1080289494",
                            "instance_id": "",
                            "instance_owner_id": "",
                            "nat_gateway_id": "nat-04977dd89c3defa2c",
                            "network_interface_id": "",
                            "origin": "CreateRoute",
                            "route_table_id": "rtb-833781ff",
                            "state": "active",
                            "vpc_peering_connection_id": ""
                        },
                        "meta": {
                            "e2bfb730-ecaa-11e6-8f88-34363bc7c4c0": {
                                "create": 120000000000,
                                "delete": 300000000000
                            }
                        },
                        "tainted": false
                    },
                    "deposed": [],
                    "provider": "provider.aws"
                },
                "aws_route_table.private": {
                    "type": "aws_route_table",
                    "depends_on": [],
                    "primary": {
                        "id": "rtb-833781ff",
                        "attributes": {
                            "id": "rtb-833781ff",
                            "propagating_vgws.#": "0",
                            "route.#": "1",
                            "route.1285631378.cidr_block": "0.0.0.0/0",
                            "route.1285631378.egress_only_gateway_id": "",
                            "route.1285631378.gateway_id": "",
                            "route.1285631378.instance_id": "",
                            "route.1285631378.ipv6_cidr_block": "",
                            "route.1285631378.nat_gateway_id": "nat-04977dd89c3defa2c",
                            "route.1285631378.network_interface_id": "",
                            "route.1285631378.vpc_peering_connection_id": "",
                            "tags.%": "1",
                            "tags.Name": "HappyPathway-DevOps-frontend-private",
                            "vpc_id": "vpc-27fa7d5c"
                        },
                        "meta": {},
                        "tainted": false
                    },
                    "deposed": [],
                    "provider": "provider.aws"
                },
                "aws_route_table_association.private": {
                    "type": "aws_route_table_association",
                    "depends_on": [
                        "aws_route_table.private",
                        "aws_subnet.subnet"
                    ],
                    "primary": {
                        "id": "rtbassoc-862b32fa",
                        "attributes": {
                            "id": "rtbassoc-862b32fa",
                            "route_table_id": "rtb-833781ff",
                            "subnet_id": "subnet-b2380f9d"
                        },
                        "meta": {},
                        "tainted": false
                    },
                    "deposed": [],
                    "provider": "provider.aws"
                },
                "aws_security_group.admin": {
                    "type": "aws_security_group",
                    "depends_on": [
                        "aws_subnet.subnet"
                    ],
                    "primary": {
                        "id": "sg-f1b4df87",
                        "attributes": {
                            "description": "Managed by Terraform",
                            "egress.#": "0",
                            "id": "sg-f1b4df87",
                            "ingress.#": "1",
                            "ingress.753360330.cidr_blocks.#": "0",
                            "ingress.753360330.description": "",
                            "ingress.753360330.from_port": "0",
                            "ingress.753360330.ipv6_cidr_blocks.#": "0",
                            "ingress.753360330.protocol": "-1",
                            "ingress.753360330.security_groups.#": "0",
                            "ingress.753360330.self": "true",
                            "ingress.753360330.to_port": "0",
                            "name": "subnet-b2380f9d-subnet-admin",
                            "owner_id": "061371841117",
                            "revoke_rules_on_delete": "false",
                            "tags.%": "0",
                            "vpc_id": "vpc-27fa7d5c"
                        },
                        "meta": {
                            "e2bfb730-ecaa-11e6-8f88-34363bc7c4c0": {
                                "create": 600000000000,
                                "delete": 600000000000
                            },
                            "schema_version": "1"
                        },
                        "tainted": false
                    },
                    "deposed": [],
                    "provider": "provider.aws"
                },
                "aws_subnet.subnet": {
                    "type": "aws_subnet",
                    "depends_on": [],
                    "primary": {
                        "id": "subnet-b2380f9d",
                        "attributes": {
                            "assign_ipv6_address_on_creation": "false",
                            "availability_zone": "us-east-1a",
                            "cidr_block": "10.0.2.0/24",
                            "id": "subnet-b2380f9d",
                            "map_public_ip_on_launch": "false",
                            "tags.%": "1",
                            "tags.Name": "HappyPathway-DevOps-frontend-private",
                            "vpc_id": "vpc-27fa7d5c"
                        },
                        "meta": {
                            "schema_version": "1"
                        },
                        "tainted": false
                    },
                    "deposed": [],
                    "provider": "provider.aws"
                }
            },
            "depends_on": []
        },
        {
            "path": [
                "root",
                "public_subnet"
            ],
            "outputs": {
                "subnet_id": {
                    "sensitive": false,
                    "type": "string",
                    "value": "subnet-0e261121"
                }
            },
            "resources": {
                "aws_route_table_association.default": {
                    "type": "aws_route_table_association",
                    "depends_on": [
                        "aws_subnet.subnet"
                    ],
                    "primary": {
                        "id": "rtbassoc-65312819",
                        "attributes": {
                            "id": "rtbassoc-65312819",
                            "route_table_id": "rtb-2034825c",
                            "subnet_id": "subnet-0e261121"
                        },
                        "meta": {},
                        "tainted": false
                    },
                    "deposed": [],
                    "provider": "provider.aws"
                },
                "aws_security_group.admin": {
                    "type": "aws_security_group",
                    "depends_on": [
                        "aws_subnet.subnet"
                    ],
                    "primary": {
                        "id": "sg-2db9d25b",
                        "attributes": {
                            "description": "Managed by Terraform",
                            "egress.#": "0",
                            "id": "sg-2db9d25b",
                            "ingress.#": "1",
                            "ingress.753360330.cidr_blocks.#": "0",
                            "ingress.753360330.description": "",
                            "ingress.753360330.from_port": "0",
                            "ingress.753360330.ipv6_cidr_blocks.#": "0",
                            "ingress.753360330.protocol": "-1",
                            "ingress.753360330.security_groups.#": "0",
                            "ingress.753360330.self": "true",
                            "ingress.753360330.to_port": "0",
                            "name": "subnet-0e261121-subnet-admin",
                            "owner_id": "061371841117",
                            "revoke_rules_on_delete": "false",
                            "tags.%": "0",
                            "vpc_id": "vpc-27fa7d5c"
                        },
                        "meta": {
                            "e2bfb730-ecaa-11e6-8f88-34363bc7c4c0": {
                                "create": 600000000000,
                                "delete": 600000000000
                            },
                            "schema_version": "1"
                        },
                        "tainted": false
                    },
                    "deposed": [],
                    "provider": "provider.aws"
                },
                "aws_subnet.subnet": {
                    "type": "aws_subnet",
                    "depends_on": [],
                    "primary": {
                        "id": "subnet-0e261121",
                        "attributes": {
                            "assign_ipv6_address_on_creation": "false",
                            "availability_zone": "us-east-1a",
                            "cidr_block": "10.0.1.0/24",
                            "id": "subnet-0e261121",
                            "map_public_ip_on_launch": "true",
                            "tags.%": "1",
                            "tags.Name": "HappyPathway-DevOps-frontend-public",
                            "vpc_id": "vpc-27fa7d5c"
                        },
                        "meta": {
                            "schema_version": "1"
                        },
                        "tainted": false
                    },
                    "deposed": [],
                    "provider": "provider.aws"
                }
            },
            "depends_on": []
        },
        {
            "path": [
                "root",
                "vpc"
            ],
            "outputs": {
                "route_table_id": {
                    "sensitive": false,
                    "type": "string",
                    "value": "rtb-2034825c"
                },
                "vpc_cidr": {
                    "sensitive": false,
                    "type": "string",
                    "value": "10.0.0.0/16"
                },
                "vpc_id": {
                    "sensitive": false,
                    "type": "string",
                    "value": "vpc-27fa7d5c"
                }
            },
            "resources": {
                "aws_internet_gateway.default": {
                    "type": "aws_internet_gateway",
                    "depends_on": [
                        "aws_vpc.vpc"
                    ],
                    "primary": {
                        "id": "igw-e1934899",
                        "attributes": {
                            "id": "igw-e1934899",
                            "tags.%": "0",
                            "vpc_id": "vpc-27fa7d5c"
                        },
                        "meta": {},
                        "tainted": false
                    },
                    "deposed": [],
                    "provider": "provider.aws"
                },
                "aws_route_table.default": {
                    "type": "aws_route_table",
                    "depends_on": [
                        "aws_internet_gateway.default",
                        "aws_vpc.vpc"
                    ],
                    "primary": {
                        "id": "rtb-2034825c",
                        "attributes": {
                            "id": "rtb-2034825c",
                            "propagating_vgws.#": "0",
                            "route.#": "1",
                            "route.587217139.cidr_block": "0.0.0.0/0",
                            "route.587217139.egress_only_gateway_id": "",
                            "route.587217139.gateway_id": "igw-e1934899",
                            "route.587217139.instance_id": "",
                            "route.587217139.ipv6_cidr_block": "",
                            "route.587217139.nat_gateway_id": "",
                            "route.587217139.network_interface_id": "",
                            "route.587217139.vpc_peering_connection_id": "",
                            "tags.%": "1",
                            "tags.Name": "terraform-route-table",
                            "vpc_id": "vpc-27fa7d5c"
                        },
                        "meta": {},
                        "tainted": false
                    },
                    "deposed": [],
                    "provider": "provider.aws"
                },
                "aws_vpc.vpc": {
                    "type": "aws_vpc",
                    "depends_on": [],
                    "primary": {
                        "id": "vpc-27fa7d5c",
                        "attributes": {
                            "assign_generated_ipv6_cidr_block": "false",
                            "cidr_block": "10.0.0.0/16",
                            "default_network_acl_id": "acl-4a4c5e31",
                            "default_route_table_id": "rtb-0a48fe76",
                            "default_security_group_id": "sg-78bed50e",
                            "dhcp_options_id": "dopt-7728430e",
                            "enable_classiclink": "false",
                            "enable_classiclink_dns_support": "false",
                            "enable_dns_hostnames": "false",
                            "enable_dns_support": "true",
                            "id": "vpc-27fa7d5c",
                            "instance_tenancy": "default",
                            "main_route_table_id": "rtb-0a48fe76",
                            "tags.%": "1",
                            "tags.Name": "terraform-vpc"
                        },
                        "meta": {
                            "schema_version": "1"
                        },
                        "tainted": false
                    },
                    "deposed": [],
                    "provider": "provider.aws"
                }
            },
            "depends_on": []
        }
    ]
}
